
Microsoft Visual Studio Solution File, Format Version 10.00
# Visual Studio 2008
Project("{8BC9CEB8-8B4A-11D0-8D11-00A0C91BC942}") = "ID3", "ID3\ID3.vcproj", "{352742F7-6722-46F3-BDA9-320DF1F88E7D}"
EndProject
Global
	GlobalSection(SubversionScc) = preSolution
		Svn-Managed = True
		Manager = AnkhSVN - Subversion Support for Visual Studio
	EndGlobalSection
	GlobalSection(SolutionConfigurationPlatforms) = preSolution
		Debug|Win32 = Debug|Win32
		Release|Win32 = Release|Win32
	EndGlobalSection
	GlobalSection(ProjectConfigurationPlatforms) = postSolution
		{352742F7-6722-46F3-BDA9-320DF1F88E7D}.Debug|Win32.ActiveCfg = Debug|Win32
		{352742F7-6722-46F3-BDA9-320DF1F88E7D}.Debug|Win32.Build.0 = Debug|Win32
		{352742F7-6722-46F3-BDA9-320DF1F88E7D}.Release|Win32.ActiveCfg = Release|Win32
		{352742F7-6722-46F3-BDA9-320DF1F88E7D}.Release|Win32.Build.0 = Release|Win32
	EndGlobalSection
	GlobalSection(SolutionProperties) = preSolution
		HideSolutionNode = FALSE
	EndGlobalSection
EndGlobal
